
Microsoft Visual Studio Solution File, Format Version 12.00
# Visual Studio Version 17
VisualStudioVersion = 17.14.36616.10
MinimumVisualStudioVersion = 10.0.40219.1
Project("{2150E333-8FDC-42A3-9474-1A3956D46DE8}") = "Konu2_TipDonusumleri", "Konu2_TipDonusumleri", "{02EA681E-C7D8-13C7-8484-4AC65E1B71E8}"
EndProject
Project("{2150E333-8FDC-42A3-9474-1A3956D46DE8}") = "Konu3_Operatorler", "Konu3_Operatorler", "{FA817CA0-546F-435B-B1BD-273A348A6469}"
EndProject
Project("{FAE04EC0-301F-11D3-BF4B-00C04F79EFBC}") = "260109_4_Convert_Tip_Donusumleri", "260109_4_Convert_Tip_Donusumleri\260109_4_Convert_Tip_Donusumleri.csproj", "{B348D2AA-FADA-4F90-9C06-801AE179D866}"
EndProject
Project("{FAE04EC0-301F-11D3-BF4B-00C04F79EFBC}") = "260113_1_Parse_Tip_Donusumu", "260113_1_Parse_Tip_Donusumu\260113_1_Parse_Tip_Donusumu.csproj", "{C73A0FC0-EE1F-4BC0-BA6F-9CAE545697F9}"
EndProject
Project("{FAE04EC0-301F-11D3-BF4B-00C04F79EFBC}") = "260113_2_Cast_Tip_Donusumu", "260113_2_Cast_Tip_Donusumu\260113_2_Cast_Tip_Donusumu.csproj", "{D5E835AB-9D61-4365-867E-D3354EA9629A}"
EndProject
Project("{FAE04EC0-301F-11D3-BF4B-00C04F79EFBC}") = "260113_3_ToString_Tip_Donusumu", "260113_3_ToString_Tip_Donusumu\260113_3_ToString_Tip_Donusumu.csproj", "{B23EDBA9-DE5F-4E23-944E-CB71444CB9A6}"
EndProject
Project("{FAE04EC0-301F-11D3-BF4B-00C04F79EFBC}") = "260113_4_Ornek", "260113_4_Ornek\260113_4_Ornek.csproj", "{53D95003-C0D1-4FF2-A3B1-FC1D9C2716C4}"
EndProject
Project("{FAE04EC0-301F-11D3-BF4B-00C04F79EFBC}") = "260115_2_Karsilastirma_Operatorleri", "260115_2_Karsilastirma_Operatorleri\260115_2_Karsilastirma_Operatorleri.csproj", "{52DC4D60-E6C9-4A37-B3D4-0AFBA43A29DC}"
EndProject
Project("{FAE04EC0-301F-11D3-BF4B-00C04F79EFBC}") = "260115_3_Mantiksal_Operatorler", "260115_3_Mantiksal_Operatorler\260115_3_Mantiksal_Operatorler.csproj", "{9CF55E7F-B5DE-46FE-8807-C7E0652D765D}"
EndProject
Project("{FAE04EC0-301F-11D3-BF4B-00C04F79EFBC}") = "260115_4_Ornek_Operatorler", "260115_4_Ornek_Operatorler\260115_4_Ornek_Operatorler.csproj", "{377BCDBE-6DEF-4B75-93D5-D336D112CD82}"
EndProject
Project("{FAE04EC0-301F-11D3-BF4B-00C04F79EFBC}") = "260116_1_Atama_Operatorleri", "260116_1_Atama_Operatorleri\260116_1_Atama_Operatorleri.csproj", "{C1ADF7A1-6D03-4361-A6F2-B990ED323941}"
EndProject
Project("{2150E333-8FDC-42A3-9474-1A3956D46DE8}") = "Konu1_Veri_Tipleri", "Konu1_Veri_Tipleri", "{AEBA94B2-6C54-44A3-BB2B-DC565C572641}"
EndProject
Project("{FAE04EC0-301F-11D3-BF4B-00C04F79EFBC}") = "260108_1_Giris_Console", "260108_1_Giris_Console\260108_1_Giris_Console.csproj", "{7BAF2FB7-42FE-614B-C31F-64A14F5E2BAB}"
EndProject
Project("{FAE04EC0-301F-11D3-BF4B-00C04F79EFBC}") = "260108_2_Tam_Sayi_Degiskenler", "260108_2_Tam_Sayi_Degiskenler\260108_2_Tam_Sayi_Degiskenler.csproj", "{71835BA0-778F-D852-C177-F613DF709B88}"
EndProject
Project("{FAE04EC0-301F-11D3-BF4B-00C04F79EFBC}") = "260108_3_OndalikDegiskenler", "260108_3_OndalikDegiskenler\260108_3_OndalikDegiskenler.csproj", "{FE9AB3E9-FF54-7F5F-8349-43DA096E6FB6}"
EndProject
Project("{FAE04EC0-301F-11D3-BF4B-00C04F79EFBC}") = "260108_4_Metinsel_Degiskenler", "260108_4_Metinsel_Degiskenler\260108_4_Metinsel_Degiskenler.csproj", "{1CD2CB90-CF69-0C00-15BC-DBDE993FBDF8}"
EndProject
Project("{FAE04EC0-301F-11D3-BF4B-00C04F79EFBC}") = "260109_1_Tarih_veri_tipi", "260109_1_Tarih_veri_tipi\260109_1_Tarih_veri_tipi.csproj", "{F1D1B764-EACE-848F-1832-7DDDDB497619}"
EndProject
Project("{FAE04EC0-301F-11D3-BF4B-00C04F79EFBC}") = "260109_2_Mantıksal_Veri_Tipi", "260109_2_Mantıksal_Veri_Tipi\260109_2_Mantıksal_Veri_Tipi.csproj", "{507F9265-A6F0-7A9E-24DA-DDE4E72C39C1}"
EndProject
Project("{FAE04EC0-301F-11D3-BF4B-00C04F79EFBC}") = "260109_3_Diger_Data_Tipleri", "260109_3_Diger_Data_Tipleri\260109_3_Diger_Data_Tipleri.csproj", "{1E40A85E-EA75-5383-C684-4BD3ECFDBE7B}"
EndProject
Project("{FAE04EC0-301F-11D3-BF4B-00C04F79EFBC}") = "260116_2_Odev", "260116_2_Odev\260116_2_Odev.csproj", "{20F699CE-1014-4349-9378-ADDA9CAA8338}"
EndProject
Project("{FAE04EC0-301F-11D3-BF4B-00C04F79EFBC}") = "260122_3_if_else_emekli_sorusu", "260122_3_if_else_emekli_sorusu\260122_3_if_else_emekli_sorusu.csproj", "{821313BC-4499-85FB-C7E5-DA54FEA0F976}"
EndProject
Project("{FAE04EC0-301F-11D3-BF4B-00C04F79EFBC}") = "260122_2_Siralama", "260122_2_Siralama\260122_2_Siralama.csproj", "{36C88F42-A3E4-C39D-C0D4-CD77B52E7984}"
EndProject
Project("{FAE04EC0-301F-11D3-BF4B-00C04F79EFBC}") = "260122_1_if_else_fatura", "260122_1_if_else_fatura\260122_1_if_else_fatura.csproj", "{F07FF364-8A0E-F488-F7DC-5B2AC2B03E76}"
EndProject
Project("{2150E333-8FDC-42A3-9474-1A3956D46DE8}") = "Konu4_Karar_Yapilari", "Konu4_Karar_Yapilari", "{B3DB6C16-66B4-4F02-A367-F2D47D6FEBC2}"
EndProject
Project("{FAE04EC0-301F-11D3-BF4B-00C04F79EFBC}") = "260120_1_Tanim", "260120_1_Tanim\260120_1_Tanim.csproj", "{1AEC25C4-F114-F850-4AD4-E97E03551164}"
EndProject
Project("{FAE04EC0-301F-11D3-BF4B-00C04F79EFBC}") = "260120_2_If_Else_Ornek", "260120_2_If_Else_Ornek\260120_2_If_Else_Ornek.csproj", "{6C8BFC5C-5F02-62CB-6AC2-9EEA9BFC3068}"
EndProject
Project("{FAE04EC0-301F-11D3-BF4B-00C04F79EFBC}") = "260120_3_If_Else_Login", "260120_3_If_Else_Login\260120_3_If_Else_Login.csproj", "{DD57B3FC-426B-A434-EBE6-E30B8ACBC520}"
EndProject
Project("{FAE04EC0-301F-11D3-BF4B-00C04F79EFBC}") = "260120_4_if_else_maas_cinsiyet", "260120_4_if_else_maas_cinsiyet\260120_4_if_else_maas_cinsiyet.csproj", "{20AE840F-F659-D52A-391F-ACED9EE21625}"
EndProject
Project("{FAE04EC0-301F-11D3-BF4B-00C04F79EFBC}") = "260122_4_Maas_Zam", "260122_4_Maas_Zam\260122_4_Maas_Zam.csproj", "{C2D65720-5A01-4979-B045-0527F778A345}"
EndProject
Project("{FAE04EC0-301F-11D3-BF4B-00C04F79EFBC}") = "260123_1_Switch_Case", "260123_1_Switch_Case\260123_1_Switch_Case.csproj", "{30C4586B-D1CA-48AA-A0F0-EACE9FF9A59F}"
EndProject
Project("{FAE04EC0-301F-11D3-BF4B-00C04F79EFBC}") = "260123_2_Switch_Case_Ornek", "260123_2_Switch_Case_Ornek\260123_2_Switch_Case_Ornek.csproj", "{3299F595-62AC-42F3-9B63-E495E5CD886E}"
EndProject
Project("{FAE04EC0-301F-11D3-BF4B-00C04F79EFBC}") = "260123_3_ternary", "260123_3_ternary\260123_3_ternary.csproj", "{5E3CBD6E-AE76-4875-81B0-3A2316650C60}"
EndProject
Project("{2150E333-8FDC-42A3-9474-1A3956D46DE8}") = "Konu5_Donguler_Diziler", "Konu5_Donguler_Diziler", "{7C069FC5-5DB7-455A-A5B5-E91ACF683748}"
EndProject
Project("{FAE04EC0-301F-11D3-BF4B-00C04F79EFBC}") = "260123_4_While", "260123_4_While\260123_4_While.csproj", "{2ED7A9C9-7F46-41A0-BA58-1C3B191AEC46}"
EndProject
Project("{FAE04EC0-301F-11D3-BF4B-00C04F79EFBC}") = "260123_6_While_Ornek2", "260123_6_While_Ornek2\260123_6_While_Ornek2.csproj", "{62476955-A967-4B09-872F-7E31D9C03942}"
EndProject
Project("{FAE04EC0-301F-11D3-BF4B-00C04F79EFBC}") = "260123_5_While_Ornek1", "260123_5_While_Ornek1\260123_5_While_Ornek1.csproj", "{62C3A258-584B-453A-923D-1684421BD9FE}"
EndProject
Project("{FAE04EC0-301F-11D3-BF4B-00C04F79EFBC}") = "260127_1_SuperSayilar_While", "260127_1_SuperSayilar_While\260127_1_SuperSayilar_While.csproj", "{1A38CE15-BD9F-424E-B51C-20E1F59171A1}"
EndProject
Project("{FAE04EC0-301F-11D3-BF4B-00C04F79EFBC}") = "260127_2_Do_While", "260127_2_Do_While\260127_2_Do_While.csproj", "{9AB2B314-4110-4C9C-8550-4D9F7F5B8064}"
EndProject
Project("{FAE04EC0-301F-11D3-BF4B-00C04F79EFBC}") = "260127_3_DoWhile_Ornek1", "260127_3_DoWhile_Ornek1\260127_3_DoWhile_Ornek1.csproj", "{8C0DBC28-04EB-4579-BF80-7BEFD9DBCBEB}"
EndProject
Project("{FAE04EC0-301F-11D3-BF4B-00C04F79EFBC}") = "260129_1_For_Dongusu", "260129_1_For_Dongusu\260129_1_For_Dongusu.csproj", "{9B498CA4-C07F-474F-B988-05457214C322}"
EndProject
Project("{FAE04EC0-301F-11D3-BF4B-00C04F79EFBC}") = "260129_2_For_Dongusu_Ornek1", "260129_2_For_Dongusu_Ornek1\260129_2_For_Dongusu_Ornek1.csproj", "{1CB00DD4-B8F9-4D24-B598-7A48261985DA}"
EndProject
Project("{FAE04EC0-301F-11D3-BF4B-00C04F79EFBC}") = "260129_3_For_Dongusu_Ornek2", "260129_3_For_Dongusu_Ornek2\260129_3_For_Dongusu_Ornek2.csproj", "{0585CFC9-5B63-4F47-9165-A29469C998F2}"
EndProject
Project("{FAE04EC0-301F-11D3-BF4B-00C04F79EFBC}") = "260129_4_For_Dongusu_TersGosterim", "260129_4_For_Dongusu_TersGosterim\260129_4_For_Dongusu_TersGosterim.csproj", "{3653C645-8B1D-4B3F-A7A8-6340CD8146B1}"
EndProject
Project("{FAE04EC0-301F-11D3-BF4B-00C04F79EFBC}") = "260129_5_For_DıkUcgen", "260129_5_For_DıkUcgen\260129_5_For_DıkUcgen.csproj", "{071E228B-8E3A-41D3-AE76-4E4B86931B8A}"
EndProject
Project("{FAE04EC0-301F-11D3-BF4B-00C04F79EFBC}") = "260129_6_For_TersSaymaİslemi", "260129_6_For_TersSaymaİslemi\260129_6_For_TersSaymaİslemi.csproj", "{924BEE4D-EF26-4CE5-BF31-BBDF91578B08}"
EndProject
Project("{FAE04EC0-301F-11D3-BF4B-00C04F79EFBC}") = "260129_7_For_TersDıkUcgen", "260129_7_For_TersDıkUcgen\260129_7_For_TersDıkUcgen.csproj", "{72ECF282-D127-4506-ABA7-7B4D82473211}"
EndProject
Project("{FAE04EC0-301F-11D3-BF4B-00C04F79EFBC}") = "260130_1_Diziler", "260130_1_Diziler\260130_1_Diziler.csproj", "{2EE2F4A7-FC0D-4876-AC46-1AF371A2BB1E}"
EndProject
Project("{FAE04EC0-301F-11D3-BF4B-00C04F79EFBC}") = "260130_2_DızıOrnek", "260130_2_DızıOrnek\260130_2_DızıOrnek.csproj", "{6A2B10B7-9B1C-40CF-9CA0-4370CEC77FCE}"
EndProject
Project("{FAE04EC0-301F-11D3-BF4B-00C04F79EFBC}") = "260130_3_Dizi_While", "260130_3_Dizi_While\260130_3_Dizi_While.csproj", "{5D9D33F2-C8D1-4748-B9C5-816ABF78FA2B}"
EndProject
Project("{FAE04EC0-301F-11D3-BF4B-00C04F79EFBC}") = "260130_4_Dizi_Ornek", "260130_4_Dizi_Ornek\260130_4_Dizi_Ornek.csproj", "{00ABD297-DF2C-4EA7-942C-99CC5EF47C9A}"
EndProject
Project("{FAE04EC0-301F-11D3-BF4B-00C04F79EFBC}") = "260130_5_DiziOrnek", "260130_5_DiziOrnek\260130_5_DiziOrnek.csproj", "{31CF8825-8919-4257-8134-D9C5BB17C799}"
EndProject
Project("{FAE04EC0-301F-11D3-BF4B-00C04F79EFBC}") = "260130_6_Dizi_Random", "260130_6_Dizi_Random\260130_6_Dizi_Random.csproj", "{7BAE62BE-F074-4F13-8E89-E1295DA37D3D}"
EndProject
Project("{2150E333-8FDC-42A3-9474-1A3956D46DE8}") = "Konu6_Collection_Foreach", "Konu6_Collection_Foreach", "{D56B4D6C-3051-414C-8800-9D49AE11647C}"
EndProject
Project("{FAE04EC0-301F-11D3-BF4B-00C04F79EFBC}") = "260203_1_Collection", "260203_1_Collection\260203_1_Collection.csproj", "{A10A889A-C0C6-4BC4-A81F-F429F38BF5F8}"
EndProject
Global
	GlobalSection(SolutionConfigurationPlatforms) = preSolution
		Debug|Any CPU = Debug|Any CPU
		Release|Any CPU = Release|Any CPU
	EndGlobalSection
	GlobalSection(ProjectConfigurationPlatforms) = postSolution
		{B348D2AA-FADA-4F90-9C06-801AE179D866}.Debug|Any CPU.ActiveCfg = Debug|Any CPU
		{B348D2AA-FADA-4F90-9C06-801AE179D866}.Debug|Any CPU.Build.0 = Debug|Any CPU
		{B348D2AA-FADA-4F90-9C06-801AE179D866}.Release|Any CPU.ActiveCfg = Release|Any CPU
		{B348D2AA-FADA-4F90-9C06-801AE179D866}.Release|Any CPU.Build.0 = Release|Any CPU
		{C73A0FC0-EE1F-4BC0-BA6F-9CAE545697F9}.Debug|Any CPU.ActiveCfg = Debug|Any CPU
		{C73A0FC0-EE1F-4BC0-BA6F-9CAE545697F9}.Debug|Any CPU.Build.0 = Debug|Any CPU
		{C73A0FC0-EE1F-4BC0-BA6F-9CAE545697F9}.Release|Any CPU.ActiveCfg = Release|Any CPU
		{C73A0FC0-EE1F-4BC0-BA6F-9CAE545697F9}.Release|Any CPU.Build.0 = Release|Any CPU
		{D5E835AB-9D61-4365-867E-D3354EA9629A}.Debug|Any CPU.ActiveCfg = Debug|Any CPU
		{D5E835AB-9D61-4365-867E-D3354EA9629A}.Debug|Any CPU.Build.0 = Debug|Any CPU
		{D5E835AB-9D61-4365-867E-D3354EA9629A}.Release|Any CPU.ActiveCfg = Release|Any CPU
		{D5E835AB-9D61-4365-867E-D3354EA9629A}.Release|Any CPU.Build.0 = Release|Any CPU
		{B23EDBA9-DE5F-4E23-944E-CB71444CB9A6}.Debug|Any CPU.ActiveCfg = Debug|Any CPU
		{B23EDBA9-DE5F-4E23-944E-CB71444CB9A6}.Debug|Any CPU.Build.0 = Debug|Any CPU
		{B23EDBA9-DE5F-4E23-944E-CB71444CB9A6}.Release|Any CPU.ActiveCfg = Release|Any CPU
		{B23EDBA9-DE5F-4E23-944E-CB71444CB9A6}.Release|Any CPU.Build.0 = Release|Any CPU
		{53D95003-C0D1-4FF2-A3B1-FC1D9C2716C4}.Debug|Any CPU.ActiveCfg = Debug|Any CPU
		{53D95003-C0D1-4FF2-A3B1-FC1D9C2716C4}.Debug|Any CPU.Build.0 = Debug|Any CPU
		{53D95003-C0D1-4FF2-A3B1-FC1D9C2716C4}.Release|Any CPU.ActiveCfg = Release|Any CPU
		{53D95003-C0D1-4FF2-A3B1-FC1D9C2716C4}.Release|Any CPU.Build.0 = Release|Any CPU
		{52DC4D60-E6C9-4A37-B3D4-0AFBA43A29DC}.Debug|Any CPU.ActiveCfg = Debug|Any CPU
		{52DC4D60-E6C9-4A37-B3D4-0AFBA43A29DC}.Debug|Any CPU.Build.0 = Debug|Any CPU
		{52DC4D60-E6C9-4A37-B3D4-0AFBA43A29DC}.Release|Any CPU.ActiveCfg = Release|Any CPU
		{52DC4D60-E6C9-4A37-B3D4-0AFBA43A29DC}.Release|Any CPU.Build.0 = Release|Any CPU
		{9CF55E7F-B5DE-46FE-8807-C7E0652D765D}.Debug|Any CPU.ActiveCfg = Debug|Any CPU
		{9CF55E7F-B5DE-46FE-8807-C7E0652D765D}.Debug|Any CPU.Build.0 = Debug|Any CPU
		{9CF55E7F-B5DE-46FE-8807-C7E0652D765D}.Release|Any CPU.ActiveCfg = Release|Any CPU
		{9CF55E7F-B5DE-46FE-8807-C7E0652D765D}.Release|Any CPU.Build.0 = Release|Any CPU
		{377BCDBE-6DEF-4B75-93D5-D336D112CD82}.Debug|Any CPU.ActiveCfg = Debug|Any CPU
		{377BCDBE-6DEF-4B75-93D5-D336D112CD82}.Debug|Any CPU.Build.0 = Debug|Any CPU
		{377BCDBE-6DEF-4B75-93D5-D336D112CD82}.Release|Any CPU.ActiveCfg = Release|Any CPU
		{377BCDBE-6DEF-4B75-93D5-D336D112CD82}.Release|Any CPU.Build.0 = Release|Any CPU
		{C1ADF7A1-6D03-4361-A6F2-B990ED323941}.Debug|Any CPU.ActiveCfg = Debug|Any CPU
		{C1ADF7A1-6D03-4361-A6F2-B990ED323941}.Debug|Any CPU.Build.0 = Debug|Any CPU
		{C1ADF7A1-6D03-4361-A6F2-B990ED323941}.Release|Any CPU.ActiveCfg = Release|Any CPU
		{C1ADF7A1-6D03-4361-A6F2-B990ED323941}.Release|Any CPU.Build.0 = Release|Any CPU
		{7BAF2FB7-42FE-614B-C31F-64A14F5E2BAB}.Debug|Any CPU.ActiveCfg = Debug|Any CPU
		{7BAF2FB7-42FE-614B-C31F-64A14F5E2BAB}.Debug|Any CPU.Build.0 = Debug|Any CPU
		{7BAF2FB7-42FE-614B-C31F-64A14F5E2BAB}.Release|Any CPU.ActiveCfg = Release|Any CPU
		{7BAF2FB7-42FE-614B-C31F-64A14F5E2BAB}.Release|Any CPU.Build.0 = Release|Any CPU
		{71835BA0-778F-D852-C177-F613DF709B88}.Debug|Any CPU.ActiveCfg = Debug|Any CPU
		{71835BA0-778F-D852-C177-F613DF709B88}.Debug|Any CPU.Build.0 = Debug|Any CPU
		{71835BA0-778F-D852-C177-F613DF709B88}.Release|Any CPU.ActiveCfg = Release|Any CPU
		{71835BA0-778F-D852-C177-F613DF709B88}.Release|Any CPU.Build.0 = Release|Any CPU
		{FE9AB3E9-FF54-7F5F-8349-43DA096E6FB6}.Debug|Any CPU.ActiveCfg = Debug|Any CPU
		{FE9AB3E9-FF54-7F5F-8349-43DA096E6FB6}.Debug|Any CPU.Build.0 = Debug|Any CPU
		{FE9AB3E9-FF54-7F5F-8349-43DA096E6FB6}.Release|Any CPU.ActiveCfg = Release|Any CPU
		{FE9AB3E9-FF54-7F5F-8349-43DA096E6FB6}.Release|Any CPU.Build.0 = Release|Any CPU
		{1CD2CB90-CF69-0C00-15BC-DBDE993FBDF8}.Debug|Any CPU.ActiveCfg = Debug|Any CPU
		{1CD2CB90-CF69-0C00-15BC-DBDE993FBDF8}.Debug|Any CPU.Build.0 = Debug|Any CPU
		{1CD2CB90-CF69-0C00-15BC-DBDE993FBDF8}.Release|Any CPU.ActiveCfg = Release|Any CPU
		{1CD2CB90-CF69-0C00-15BC-DBDE993FBDF8}.Release|Any CPU.Build.0 = Release|Any CPU
		{F1D1B764-EACE-848F-1832-7DDDDB497619}.Debug|Any CPU.ActiveCfg = Debug|Any CPU
		{F1D1B764-EACE-848F-1832-7DDDDB497619}.Debug|Any CPU.Build.0 = Debug|Any CPU
		{F1D1B764-EACE-848F-1832-7DDDDB497619}.Release|Any CPU.ActiveCfg = Release|Any CPU
		{F1D1B764-EACE-848F-1832-7DDDDB497619}.Release|Any CPU.Build.0 = Release|Any CPU
		{507F9265-A6F0-7A9E-24DA-DDE4E72C39C1}.Debug|Any CPU.ActiveCfg = Debug|Any CPU
		{507F9265-A6F0-7A9E-24DA-DDE4E72C39C1}.Debug|Any CPU.Build.0 = Debug|Any CPU
		{507F9265-A6F0-7A9E-24DA-DDE4E72C39C1}.Release|Any CPU.ActiveCfg = Release|Any CPU
		{507F9265-A6F0-7A9E-24DA-DDE4E72C39C1}.Release|Any CPU.Build.0 = Release|Any CPU
		{1E40A85E-EA75-5383-C684-4BD3ECFDBE7B}.Debug|Any CPU.ActiveCfg = Debug|Any CPU
		{1E40A85E-EA75-5383-C684-4BD3ECFDBE7B}.Debug|Any CPU.Build.0 = Debug|Any CPU
		{1E40A85E-EA75-5383-C684-4BD3ECFDBE7B}.Release|Any CPU.ActiveCfg = Release|Any CPU
		{1E40A85E-EA75-5383-C684-4BD3ECFDBE7B}.Release|Any CPU.Build.0 = Release|Any CPU
		{20F699CE-1014-4349-9378-ADDA9CAA8338}.Debug|Any CPU.ActiveCfg = Debug|Any CPU
		{20F699CE-1014-4349-9378-ADDA9CAA8338}.Debug|Any CPU.Build.0 = Debug|Any CPU
		{20F699CE-1014-4349-9378-ADDA9CAA8338}.Release|Any CPU.ActiveCfg = Release|Any CPU
		{20F699CE-1014-4349-9378-ADDA9CAA8338}.Release|Any CPU.Build.0 = Release|Any CPU
		{821313BC-4499-85FB-C7E5-DA54FEA0F976}.Debug|Any CPU.ActiveCfg = Debug|Any CPU
		{821313BC-4499-85FB-C7E5-DA54FEA0F976}.Debug|Any CPU.Build.0 = Debug|Any CPU
		{821313BC-4499-85FB-C7E5-DA54FEA0F976}.Release|Any CPU.ActiveCfg = Release|Any CPU
		{821313BC-4499-85FB-C7E5-DA54FEA0F976}.Release|Any CPU.Build.0 = Release|Any CPU
		{36C88F42-A3E4-C39D-C0D4-CD77B52E7984}.Debug|Any CPU.ActiveCfg = Debug|Any CPU
		{36C88F42-A3E4-C39D-C0D4-CD77B52E7984}.Debug|Any CPU.Build.0 = Debug|Any CPU
		{36C88F42-A3E4-C39D-C0D4-CD77B52E7984}.Release|Any CPU.ActiveCfg = Release|Any CPU
		{36C88F42-A3E4-C39D-C0D4-CD77B52E7984}.Release|Any CPU.Build.0 = Release|Any CPU
		{F07FF364-8A0E-F488-F7DC-5B2AC2B03E76}.Debug|Any CPU.ActiveCfg = Debug|Any CPU
		{F07FF364-8A0E-F488-F7DC-5B2AC2B03E76}.Debug|Any CPU.Build.0 = Debug|Any CPU
		{F07FF364-8A0E-F488-F7DC-5B2AC2B03E76}.Release|Any CPU.ActiveCfg = Release|Any CPU
		{F07FF364-8A0E-F488-F7DC-5B2AC2B03E76}.Release|Any CPU.Build.0 = Release|Any CPU
		{1AEC25C4-F114-F850-4AD4-E97E03551164}.Debug|Any CPU.ActiveCfg = Debug|Any CPU
		{1AEC25C4-F114-F850-4AD4-E97E03551164}.Debug|Any CPU.Build.0 = Debug|Any CPU
		{1AEC25C4-F114-F850-4AD4-E97E03551164}.Release|Any CPU.ActiveCfg = Release|Any CPU
		{1AEC25C4-F114-F850-4AD4-E97E03551164}.Release|Any CPU.Build.0 = Release|Any CPU
		{6C8BFC5C-5F02-62CB-6AC2-9EEA9BFC3068}.Debug|Any CPU.ActiveCfg = Debug|Any CPU
		{6C8BFC5C-5F02-62CB-6AC2-9EEA9BFC3068}.Debug|Any CPU.Build.0 = Debug|Any CPU
		{6C8BFC5C-5F02-62CB-6AC2-9EEA9BFC3068}.Release|Any CPU.ActiveCfg = Release|Any CPU
		{6C8BFC5C-5F02-62CB-6AC2-9EEA9BFC3068}.Release|Any CPU.Build.0 = Release|Any CPU
		{DD57B3FC-426B-A434-EBE6-E30B8ACBC520}.Debug|Any CPU.ActiveCfg = Debug|Any CPU
		{DD57B3FC-426B-A434-EBE6-E30B8ACBC520}.Debug|Any CPU.Build.0 = Debug|Any CPU
		{DD57B3FC-426B-A434-EBE6-E30B8ACBC520}.Release|Any CPU.ActiveCfg = Release|Any CPU
		{DD57B3FC-426B-A434-EBE6-E30B8ACBC520}.Release|Any CPU.Build.0 = Release|Any CPU
		{20AE840F-F659-D52A-391F-ACED9EE21625}.Debug|Any CPU.ActiveCfg = Debug|Any CPU
		{20AE840F-F659-D52A-391F-ACED9EE21625}.Debug|Any CPU.Build.0 = Debug|Any CPU
		{20AE840F-F659-D52A-391F-ACED9EE21625}.Release|Any CPU.ActiveCfg = Release|Any CPU
		{20AE840F-F659-D52A-391F-ACED9EE21625}.Release|Any CPU.Build.0 = Release|Any CPU
		{C2D65720-5A01-4979-B045-0527F778A345}.Debug|Any CPU.ActiveCfg = Debug|Any CPU
		{C2D65720-5A01-4979-B045-0527F778A345}.Debug|Any CPU.Build.0 = Debug|Any CPU
		{C2D65720-5A01-4979-B045-0527F778A345}.Release|Any CPU.ActiveCfg = Release|Any CPU
		{C2D65720-5A01-4979-B045-0527F778A345}.Release|Any CPU.Build.0 = Release|Any CPU
		{30C4586B-D1CA-48AA-A0F0-EACE9FF9A59F}.Debug|Any CPU.ActiveCfg = Debug|Any CPU
		{30C4586B-D1CA-48AA-A0F0-EACE9FF9A59F}.Debug|Any CPU.Build.0 = Debug|Any CPU
		{30C4586B-D1CA-48AA-A0F0-EACE9FF9A59F}.Release|Any CPU.ActiveCfg = Release|Any CPU
		{30C4586B-D1CA-48AA-A0F0-EACE9FF9A59F}.Release|Any CPU.Build.0 = Release|Any CPU
		{3299F595-62AC-42F3-9B63-E495E5CD886E}.Debug|Any CPU.ActiveCfg = Debug|Any CPU
		{3299F595-62AC-42F3-9B63-E495E5CD886E}.Debug|Any CPU.Build.0 = Debug|Any CPU
		{3299F595-62AC-42F3-9B63-E495E5CD886E}.Release|Any CPU.ActiveCfg = Release|Any CPU
		{3299F595-62AC-42F3-9B63-E495E5CD886E}.Release|Any CPU.Build.0 = Release|Any CPU
		{5E3CBD6E-AE76-4875-81B0-3A2316650C60}.Debug|Any CPU.ActiveCfg = Debug|Any CPU
		{5E3CBD6E-AE76-4875-81B0-3A2316650C60}.Debug|Any CPU.Build.0 = Debug|Any CPU
		{5E3CBD6E-AE76-4875-81B0-3A2316650C60}.Release|Any CPU.ActiveCfg = Release|Any CPU
		{5E3CBD6E-AE76-4875-81B0-3A2316650C60}.Release|Any CPU.Build.0 = Release|Any CPU
		{2ED7A9C9-7F46-41A0-BA58-1C3B191AEC46}.Debug|Any CPU.ActiveCfg = Debug|Any CPU
		{2ED7A9C9-7F46-41A0-BA58-1C3B191AEC46}.Debug|Any CPU.Build.0 = Debug|Any CPU
		{2ED7A9C9-7F46-41A0-BA58-1C3B191AEC46}.Release|Any CPU.ActiveCfg = Release|Any CPU
		{2ED7A9C9-7F46-41A0-BA58-1C3B191AEC46}.Release|Any CPU.Build.0 = Release|Any CPU
		{62476955-A967-4B09-872F-7E31D9C03942}.Debug|Any CPU.ActiveCfg = Debug|Any CPU
		{62476955-A967-4B09-872F-7E31D9C03942}.Debug|Any CPU.Build.0 = Debug|Any CPU
		{62476955-A967-4B09-872F-7E31D9C03942}.Release|Any CPU.ActiveCfg = Release|Any CPU
		{62476955-A967-4B09-872F-7E31D9C03942}.Release|Any CPU.Build.0 = Release|Any CPU
		{62C3A258-584B-453A-923D-1684421BD9FE}.Debug|Any CPU.ActiveCfg = Debug|Any CPU
		{62C3A258-584B-453A-923D-1684421BD9FE}.Debug|Any CPU.Build.0 = Debug|Any CPU
		{62C3A258-584B-453A-923D-1684421BD9FE}.Release|Any CPU.ActiveCfg = Release|Any CPU
		{62C3A258-584B-453A-923D-1684421BD9FE}.Release|Any CPU.Build.0 = Release|Any CPU
		{1A38CE15-BD9F-424E-B51C-20E1F59171A1}.Debug|Any CPU.ActiveCfg = Debug|Any CPU
		{1A38CE15-BD9F-424E-B51C-20E1F59171A1}.Debug|Any CPU.Build.0 = Debug|Any CPU
		{1A38CE15-BD9F-424E-B51C-20E1F59171A1}.Release|Any CPU.ActiveCfg = Release|Any CPU
		{1A38CE15-BD9F-424E-B51C-20E1F59171A1}.Release|Any CPU.Build.0 = Release|Any CPU
		{9AB2B314-4110-4C9C-8550-4D9F7F5B8064}.Debug|Any CPU.ActiveCfg = Debug|Any CPU
		{9AB2B314-4110-4C9C-8550-4D9F7F5B8064}.Debug|Any CPU.Build.0 = Debug|Any CPU
		{9AB2B314-4110-4C9C-8550-4D9F7F5B8064}.Release|Any CPU.ActiveCfg = Release|Any CPU
		{9AB2B314-4110-4C9C-8550-4D9F7F5B8064}.Release|Any CPU.Build.0 = Release|Any CPU
		{8C0DBC28-04EB-4579-BF80-7BEFD9DBCBEB}.Debug|Any CPU.ActiveCfg = Debug|Any CPU
		{8C0DBC28-04EB-4579-BF80-7BEFD9DBCBEB}.Debug|Any CPU.Build.0 = Debug|Any CPU
		{8C0DBC28-04EB-4579-BF80-7BEFD9DBCBEB}.Release|Any CPU.ActiveCfg = Release|Any CPU
		{8C0DBC28-04EB-4579-BF80-7BEFD9DBCBEB}.Release|Any CPU.Build.0 = Release|Any CPU
		{9B498CA4-C07F-474F-B988-05457214C322}.Debug|Any CPU.ActiveCfg = Debug|Any CPU
		{9B498CA4-C07F-474F-B988-05457214C322}.Debug|Any CPU.Build.0 = Debug|Any CPU
		{9B498CA4-C07F-474F-B988-05457214C322}.Release|Any CPU.ActiveCfg = Release|Any CPU
		{9B498CA4-C07F-474F-B988-05457214C322}.Release|Any CPU.Build.0 = Release|Any CPU
		{1CB00DD4-B8F9-4D24-B598-7A48261985DA}.Debug|Any CPU.ActiveCfg = Debug|Any CPU
		{1CB00DD4-B8F9-4D24-B598-7A48261985DA}.Debug|Any CPU.Build.0 = Debug|Any CPU
		{1CB00DD4-B8F9-4D24-B598-7A48261985DA}.Release|Any CPU.ActiveCfg = Release|Any CPU
		{1CB00DD4-B8F9-4D24-B598-7A48261985DA}.Release|Any CPU.Build.0 = Release|Any CPU
		{0585CFC9-5B63-4F47-9165-A29469C998F2}.Debug|Any CPU.ActiveCfg = Debug|Any CPU
		{0585CFC9-5B63-4F47-9165-A29469C998F2}.Debug|Any CPU.Build.0 = Debug|Any CPU
		{0585CFC9-5B63-4F47-9165-A29469C998F2}.Release|Any CPU.ActiveCfg = Release|Any CPU
		{0585CFC9-5B63-4F47-9165-A29469C998F2}.Release|Any CPU.Build.0 = Release|Any CPU
		{3653C645-8B1D-4B3F-A7A8-6340CD8146B1}.Debug|Any CPU.ActiveCfg = Debug|Any CPU
		{3653C645-8B1D-4B3F-A7A8-6340CD8146B1}.Debug|Any CPU.Build.0 = Debug|Any CPU
		{3653C645-8B1D-4B3F-A7A8-6340CD8146B1}.Release|Any CPU.ActiveCfg = Release|Any CPU
		{3653C645-8B1D-4B3F-A7A8-6340CD8146B1}.Release|Any CPU.Build.0 = Release|Any CPU
		{071E228B-8E3A-41D3-AE76-4E4B86931B8A}.Debug|Any CPU.ActiveCfg = Debug|Any CPU
		{071E228B-8E3A-41D3-AE76-4E4B86931B8A}.Debug|Any CPU.Build.0 = Debug|Any CPU
		{071E228B-8E3A-41D3-AE76-4E4B86931B8A}.Release|Any CPU.ActiveCfg = Release|Any CPU
		{071E228B-8E3A-41D3-AE76-4E4B86931B8A}.Release|Any CPU.Build.0 = Release|Any CPU
		{924BEE4D-EF26-4CE5-BF31-BBDF91578B08}.Debug|Any CPU.ActiveCfg = Debug|Any CPU
		{924BEE4D-EF26-4CE5-BF31-BBDF91578B08}.Debug|Any CPU.Build.0 = Debug|Any CPU
		{924BEE4D-EF26-4CE5-BF31-BBDF91578B08}.Release|Any CPU.ActiveCfg = Release|Any CPU
		{924BEE4D-EF26-4CE5-BF31-BBDF91578B08}.Release|Any CPU.Build.0 = Release|Any CPU
		{72ECF282-D127-4506-ABA7-7B4D82473211}.Debug|Any CPU.ActiveCfg = Debug|Any CPU
		{72ECF282-D127-4506-ABA7-7B4D82473211}.Debug|Any CPU.Build.0 = Debug|Any CPU
		{72ECF282-D127-4506-ABA7-7B4D82473211}.Release|Any CPU.ActiveCfg = Release|Any CPU
		{72ECF282-D127-4506-ABA7-7B4D82473211}.Release|Any CPU.Build.0 = Release|Any CPU
		{2EE2F4A7-FC0D-4876-AC46-1AF371A2BB1E}.Debug|Any CPU.ActiveCfg = Debug|Any CPU
		{2EE2F4A7-FC0D-4876-AC46-1AF371A2BB1E}.Debug|Any CPU.Build.0 = Debug|Any CPU
		{2EE2F4A7-FC0D-4876-AC46-1AF371A2BB1E}.Release|Any CPU.ActiveCfg = Release|Any CPU
		{2EE2F4A7-FC0D-4876-AC46-1AF371A2BB1E}.Release|Any CPU.Build.0 = Release|Any CPU
		{6A2B10B7-9B1C-40CF-9CA0-4370CEC77FCE}.Debug|Any CPU.ActiveCfg = Debug|Any CPU
		{6A2B10B7-9B1C-40CF-9CA0-4370CEC77FCE}.Debug|Any CPU.Build.0 = Debug|Any CPU
		{6A2B10B7-9B1C-40CF-9CA0-4370CEC77FCE}.Release|Any CPU.ActiveCfg = Release|Any CPU
		{6A2B10B7-9B1C-40CF-9CA0-4370CEC77FCE}.Release|Any CPU.Build.0 = Release|Any CPU
		{5D9D33F2-C8D1-4748-B9C5-816ABF78FA2B}.Debug|Any CPU.ActiveCfg = Debug|Any CPU
		{5D9D33F2-C8D1-4748-B9C5-816ABF78FA2B}.Debug|Any CPU.Build.0 = Debug|Any CPU
		{5D9D33F2-C8D1-4748-B9C5-816ABF78FA2B}.Release|Any CPU.ActiveCfg = Release|Any CPU
		{5D9D33F2-C8D1-4748-B9C5-816ABF78FA2B}.Release|Any CPU.Build.0 = Release|Any CPU
		{00ABD297-DF2C-4EA7-942C-99CC5EF47C9A}.Debug|Any CPU.ActiveCfg = Debug|Any CPU
		{00ABD297-DF2C-4EA7-942C-99CC5EF47C9A}.Debug|Any CPU.Build.0 = Debug|Any CPU
		{00ABD297-DF2C-4EA7-942C-99CC5EF47C9A}.Release|Any CPU.ActiveCfg = Release|Any CPU
		{00ABD297-DF2C-4EA7-942C-99CC5EF47C9A}.Release|Any CPU.Build.0 = Release|Any CPU
		{31CF8825-8919-4257-8134-D9C5BB17C799}.Debug|Any CPU.ActiveCfg = Debug|Any CPU
		{31CF8825-8919-4257-8134-D9C5BB17C799}.Debug|Any CPU.Build.0 = Debug|Any CPU
		{31CF8825-8919-4257-8134-D9C5BB17C799}.Release|Any CPU.ActiveCfg = Release|Any CPU
		{31CF8825-8919-4257-8134-D9C5BB17C799}.Release|Any CPU.Build.0 = Release|Any CPU
		{7BAE62BE-F074-4F13-8E89-E1295DA37D3D}.Debug|Any CPU.ActiveCfg = Debug|Any CPU
		{7BAE62BE-F074-4F13-8E89-E1295DA37D3D}.Debug|Any CPU.Build.0 = Debug|Any CPU
		{7BAE62BE-F074-4F13-8E89-E1295DA37D3D}.Release|Any CPU.ActiveCfg = Release|Any CPU
		{7BAE62BE-F074-4F13-8E89-E1295DA37D3D}.Release|Any CPU.Build.0 = Release|Any CPU
		{A10A889A-C0C6-4BC4-A81F-F429F38BF5F8}.Debug|Any CPU.ActiveCfg = Debug|Any CPU
		{A10A889A-C0C6-4BC4-A81F-F429F38BF5F8}.Debug|Any CPU.Build.0 = Debug|Any CPU
		{A10A889A-C0C6-4BC4-A81F-F429F38BF5F8}.Release|Any CPU.ActiveCfg = Release|Any CPU
		{A10A889A-C0C6-4BC4-A81F-F429F38BF5F8}.Release|Any CPU.Build.0 = Release|Any CPU
	EndGlobalSection
	GlobalSection(SolutionProperties) = preSolution
		HideSolutionNode = FALSE
	EndGlobalSection
	GlobalSection(NestedProjects) = preSolution
		{B348D2AA-FADA-4F90-9C06-801AE179D866} = {02EA681E-C7D8-13C7-8484-4AC65E1B71E8}
		{C73A0FC0-EE1F-4BC0-BA6F-9CAE545697F9} = {02EA681E-C7D8-13C7-8484-4AC65E1B71E8}
		{D5E835AB-9D61-4365-867E-D3354EA9629A} = {02EA681E-C7D8-13C7-8484-4AC65E1B71E8}
		{B23EDBA9-DE5F-4E23-944E-CB71444CB9A6} = {02EA681E-C7D8-13C7-8484-4AC65E1B71E8}
		{53D95003-C0D1-4FF2-A3B1-FC1D9C2716C4} = {02EA681E-C7D8-13C7-8484-4AC65E1B71E8}
		{52DC4D60-E6C9-4A37-B3D4-0AFBA43A29DC} = {FA817CA0-546F-435B-B1BD-273A348A6469}
		{9CF55E7F-B5DE-46FE-8807-C7E0652D765D} = {FA817CA0-546F-435B-B1BD-273A348A6469}
		{377BCDBE-6DEF-4B75-93D5-D336D112CD82} = {FA817CA0-546F-435B-B1BD-273A348A6469}
		{C1ADF7A1-6D03-4361-A6F2-B990ED323941} = {FA817CA0-546F-435B-B1BD-273A348A6469}
		{7BAF2FB7-42FE-614B-C31F-64A14F5E2BAB} = {AEBA94B2-6C54-44A3-BB2B-DC565C572641}
		{71835BA0-778F-D852-C177-F613DF709B88} = {AEBA94B2-6C54-44A3-BB2B-DC565C572641}
		{FE9AB3E9-FF54-7F5F-8349-43DA096E6FB6} = {AEBA94B2-6C54-44A3-BB2B-DC565C572641}
		{1CD2CB90-CF69-0C00-15BC-DBDE993FBDF8} = {AEBA94B2-6C54-44A3-BB2B-DC565C572641}
		{F1D1B764-EACE-848F-1832-7DDDDB497619} = {AEBA94B2-6C54-44A3-BB2B-DC565C572641}
		{507F9265-A6F0-7A9E-24DA-DDE4E72C39C1} = {AEBA94B2-6C54-44A3-BB2B-DC565C572641}
		{1E40A85E-EA75-5383-C684-4BD3ECFDBE7B} = {AEBA94B2-6C54-44A3-BB2B-DC565C572641}
		{20F699CE-1014-4349-9378-ADDA9CAA8338} = {FA817CA0-546F-435B-B1BD-273A348A6469}
		{821313BC-4499-85FB-C7E5-DA54FEA0F976} = {B3DB6C16-66B4-4F02-A367-F2D47D6FEBC2}
		{36C88F42-A3E4-C39D-C0D4-CD77B52E7984} = {B3DB6C16-66B4-4F02-A367-F2D47D6FEBC2}
		{F07FF364-8A0E-F488-F7DC-5B2AC2B03E76} = {B3DB6C16-66B4-4F02-A367-F2D47D6FEBC2}
		{1AEC25C4-F114-F850-4AD4-E97E03551164} = {B3DB6C16-66B4-4F02-A367-F2D47D6FEBC2}
		{6C8BFC5C-5F02-62CB-6AC2-9EEA9BFC3068} = {B3DB6C16-66B4-4F02-A367-F2D47D6FEBC2}
		{DD57B3FC-426B-A434-EBE6-E30B8ACBC520} = {B3DB6C16-66B4-4F02-A367-F2D47D6FEBC2}
		{20AE840F-F659-D52A-391F-ACED9EE21625} = {B3DB6C16-66B4-4F02-A367-F2D47D6FEBC2}
		{C2D65720-5A01-4979-B045-0527F778A345} = {B3DB6C16-66B4-4F02-A367-F2D47D6FEBC2}
		{30C4586B-D1CA-48AA-A0F0-EACE9FF9A59F} = {B3DB6C16-66B4-4F02-A367-F2D47D6FEBC2}
		{3299F595-62AC-42F3-9B63-E495E5CD886E} = {B3DB6C16-66B4-4F02-A367-F2D47D6FEBC2}
		{5E3CBD6E-AE76-4875-81B0-3A2316650C60} = {B3DB6C16-66B4-4F02-A367-F2D47D6FEBC2}
		{2ED7A9C9-7F46-41A0-BA58-1C3B191AEC46} = {7C069FC5-5DB7-455A-A5B5-E91ACF683748}
		{62476955-A967-4B09-872F-7E31D9C03942} = {7C069FC5-5DB7-455A-A5B5-E91ACF683748}
		{62C3A258-584B-453A-923D-1684421BD9FE} = {7C069FC5-5DB7-455A-A5B5-E91ACF683748}
		{1A38CE15-BD9F-424E-B51C-20E1F59171A1} = {7C069FC5-5DB7-455A-A5B5-E91ACF683748}
		{9AB2B314-4110-4C9C-8550-4D9F7F5B8064} = {7C069FC5-5DB7-455A-A5B5-E91ACF683748}
		{8C0DBC28-04EB-4579-BF80-7BEFD9DBCBEB} = {7C069FC5-5DB7-455A-A5B5-E91ACF683748}
		{9B498CA4-C07F-474F-B988-05457214C322} = {7C069FC5-5DB7-455A-A5B5-E91ACF683748}
		{1CB00DD4-B8F9-4D24-B598-7A48261985DA} = {7C069FC5-5DB7-455A-A5B5-E91ACF683748}
		{0585CFC9-5B63-4F47-9165-A29469C998F2} = {7C069FC5-5DB7-455A-A5B5-E91ACF683748}
		{3653C645-8B1D-4B3F-A7A8-6340CD8146B1} = {7C069FC5-5DB7-455A-A5B5-E91ACF683748}
		{071E228B-8E3A-41D3-AE76-4E4B86931B8A} = {7C069FC5-5DB7-455A-A5B5-E91ACF683748}
		{924BEE4D-EF26-4CE5-BF31-BBDF91578B08} = {7C069FC5-5DB7-455A-A5B5-E91ACF683748}
		{72ECF282-D127-4506-ABA7-7B4D82473211} = {7C069FC5-5DB7-455A-A5B5-E91ACF683748}
		{2EE2F4A7-FC0D-4876-AC46-1AF371A2BB1E} = {7C069FC5-5DB7-455A-A5B5-E91ACF683748}
		{6A2B10B7-9B1C-40CF-9CA0-4370CEC77FCE} = {7C069FC5-5DB7-455A-A5B5-E91ACF683748}
		{5D9D33F2-C8D1-4748-B9C5-816ABF78FA2B} = {7C069FC5-5DB7-455A-A5B5-E91ACF683748}
		{00ABD297-DF2C-4EA7-942C-99CC5EF47C9A} = {7C069FC5-5DB7-455A-A5B5-E91ACF683748}
		{31CF8825-8919-4257-8134-D9C5BB17C799} = {7C069FC5-5DB7-455A-A5B5-E91ACF683748}
		{7BAE62BE-F074-4F13-8E89-E1295DA37D3D} = {7C069FC5-5DB7-455A-A5B5-E91ACF683748}
		{A10A889A-C0C6-4BC4-A81F-F429F38BF5F8} = {D56B4D6C-3051-414C-8800-9D49AE11647C}
	EndGlobalSection
	GlobalSection(ExtensibilityGlobals) = postSolution
		SolutionGuid = {F6A285FF-C316-4890-8B35-65A55DFED84E}
	EndGlobalSection
EndGlobal
