
Microsoft Visual Studio Solution File, Format Version 12.00
# Visual Studio Version 17
VisualStudioVersion = 17.14.36616.10
MinimumVisualStudioVersion = 10.0.40219.1
Project("{2150E333-8FDC-42A3-9474-1A3956D46DE8}") = "Konu2_TipDonusumleri", "Konu2_TipDonusumleri", "{02EA681E-C7D8-13C7-8484-4AC65E1B71E8}"
EndProject
Project("{2150E333-8FDC-42A3-9474-1A3956D46DE8}") = "Konu3_Operatorler", "Konu3_Operatorler", "{FA817CA0-546F-435B-B1BD-273A348A6469}"
EndProject
Project("{FAE04EC0-301F-11D3-BF4B-00C04F79EFBC}") = "260109_4_Convert_Tip_Donusumleri", "260109_4_Convert_Tip_Donusumleri\260109_4_Convert_Tip_Donusumleri.csproj", "{B348D2AA-FADA-4F90-9C06-801AE179D866}"
EndProject
Project("{FAE04EC0-301F-11D3-BF4B-00C04F79EFBC}") = "260113_1_Parse_Tip_Donusumu", "260113_1_Parse_Tip_Donusumu\260113_1_Parse_Tip_Donusumu.csproj", "{C73A0FC0-EE1F-4BC0-BA6F-9CAE545697F9}"
EndProject
Project("{FAE04EC0-301F-11D3-BF4B-00C04F79EFBC}") = "260113_2_Cast_Tip_Donusumu", "260113_2_Cast_Tip_Donusumu\260113_2_Cast_Tip_Donusumu.csproj", "{D5E835AB-9D61-4365-867E-D3354EA9629A}"
EndProject
Project("{FAE04EC0-301F-11D3-BF4B-00C04F79EFBC}") = "260113_3_ToString_Tip_Donusumu", "260113_3_ToString_Tip_Donusumu\260113_3_ToString_Tip_Donusumu.csproj", "{B23EDBA9-DE5F-4E23-944E-CB71444CB9A6}"
EndProject
Project("{FAE04EC0-301F-11D3-BF4B-00C04F79EFBC}") = "260113_4_Ornek", "260113_4_Ornek\260113_4_Ornek.csproj", "{53D95003-C0D1-4FF2-A3B1-FC1D9C2716C4}"
EndProject
Project("{FAE04EC0-301F-11D3-BF4B-00C04F79EFBC}") = "260115_2_Karsilastirma_Operatorleri", "260115_2_Karsilastirma_Operatorleri\260115_2_Karsilastirma_Operatorleri.csproj", "{52DC4D60-E6C9-4A37-B3D4-0AFBA43A29DC}"
EndProject
Project("{FAE04EC0-301F-11D3-BF4B-00C04F79EFBC}") = "260115_3_Mantiksal_Operatorler", "260115_3_Mantiksal_Operatorler\260115_3_Mantiksal_Operatorler.csproj", "{9CF55E7F-B5DE-46FE-8807-C7E0652D765D}"
EndProject
Project("{FAE04EC0-301F-11D3-BF4B-00C04F79EFBC}") = "260115_4_Ornek_Operatorler", "260115_4_Ornek_Operatorler\260115_4_Ornek_Operatorler.csproj", "{377BCDBE-6DEF-4B75-93D5-D336D112CD82}"
EndProject
Project("{FAE04EC0-301F-11D3-BF4B-00C04F79EFBC}") = "260116_1_Atama_Operatorleri", "260116_1_Atama_Operatorleri\260116_1_Atama_Operatorleri.csproj", "{C1ADF7A1-6D03-4361-A6F2-B990ED323941}"
EndProject
Project("{2150E333-8FDC-42A3-9474-1A3956D46DE8}") = "Konu1_Veri_Tipleri", "Konu1_Veri_Tipleri", "{AEBA94B2-6C54-44A3-BB2B-DC565C572641}"
EndProject
Project("{FAE04EC0-301F-11D3-BF4B-00C04F79EFBC}") = "260108_1_Giris_Console", "260108_1_Giris_Console\260108_1_Giris_Console.csproj", "{7BAF2FB7-42FE-614B-C31F-64A14F5E2BAB}"
EndProject
Project("{FAE04EC0-301F-11D3-BF4B-00C04F79EFBC}") = "260108_2_Tam_Sayi_Degiskenler", "260108_2_Tam_Sayi_Degiskenler\260108_2_Tam_Sayi_Degiskenler.csproj", "{71835BA0-778F-D852-C177-F613DF709B88}"
EndProject
Project("{FAE04EC0-301F-11D3-BF4B-00C04F79EFBC}") = "260108_3_OndalikDegiskenler", "260108_3_OndalikDegiskenler\260108_3_OndalikDegiskenler.csproj", "{FE9AB3E9-FF54-7F5F-8349-43DA096E6FB6}"
EndProject
Project("{FAE04EC0-301F-11D3-BF4B-00C04F79EFBC}") = "260108_4_Metinsel_Degiskenler", "260108_4_Metinsel_Degiskenler\260108_4_Metinsel_Degiskenler.csproj", "{1CD2CB90-CF69-0C00-15BC-DBDE993FBDF8}"
EndProject
Project("{FAE04EC0-301F-11D3-BF4B-00C04F79EFBC}") = "260109_1_Tarih_veri_tipi", "260109_1_Tarih_veri_tipi\260109_1_Tarih_veri_tipi.csproj", "{F1D1B764-EACE-848F-1832-7DDDDB497619}"
EndProject
Project("{FAE04EC0-301F-11D3-BF4B-00C04F79EFBC}") = "260109_2_Mantıksal_Veri_Tipi", "260109_2_Mantıksal_Veri_Tipi\260109_2_Mantıksal_Veri_Tipi.csproj", "{507F9265-A6F0-7A9E-24DA-DDE4E72C39C1}"
EndProject
Project("{FAE04EC0-301F-11D3-BF4B-00C04F79EFBC}") = "260109_3_Diger_Data_Tipleri", "260109_3_Diger_Data_Tipleri\260109_3_Diger_Data_Tipleri.csproj", "{1E40A85E-EA75-5383-C684-4BD3ECFDBE7B}"
EndProject
Project("{FAE04EC0-301F-11D3-BF4B-00C04F79EFBC}") = "260116_2_Odev", "260116_2_Odev\260116_2_Odev.csproj", "{20F699CE-1014-4349-9378-ADDA9CAA8338}"
EndProject
Project("{FAE04EC0-301F-11D3-BF4B-00C04F79EFBC}") = "260122_3_if_else_emekli_sorusu", "260122_3_if_else_emekli_sorusu\260122_3_if_else_emekli_sorusu.csproj", "{821313BC-4499-85FB-C7E5-DA54FEA0F976}"
EndProject
Project("{FAE04EC0-301F-11D3-BF4B-00C04F79EFBC}") = "260122_2_Siralama", "260122_2_Siralama\260122_2_Siralama.csproj", "{36C88F42-A3E4-C39D-C0D4-CD77B52E7984}"
EndProject
Project("{FAE04EC0-301F-11D3-BF4B-00C04F79EFBC}") = "260122_1_if_else_fatura", "260122_1_if_else_fatura\260122_1_if_else_fatura.csproj", "{F07FF364-8A0E-F488-F7DC-5B2AC2B03E76}"
EndProject
Project("{2150E333-8FDC-42A3-9474-1A3956D46DE8}") = "Konu4_Karar_Yapilari", "Konu4_Karar_Yapilari", "{B3DB6C16-66B4-4F02-A367-F2D47D6FEBC2}"
EndProject
Project("{FAE04EC0-301F-11D3-BF4B-00C04F79EFBC}") = "260120_1_Tanim", "260120_1_Tanim\260120_1_Tanim.csproj", "{1AEC25C4-F114-F850-4AD4-E97E03551164}"
EndProject
Project("{FAE04EC0-301F-11D3-BF4B-00C04F79EFBC}") = "260120_2_If_Else_Ornek", "260120_2_If_Else_Ornek\260120_2_If_Else_Ornek.csproj", "{6C8BFC5C-5F02-62CB-6AC2-9EEA9BFC3068}"
EndProject
Global
	GlobalSection(SolutionConfigurationPlatforms) = preSolution
		Debug|Any CPU = Debug|Any CPU
		Release|Any CPU = Release|Any CPU
	EndGlobalSection
	GlobalSection(ProjectConfigurationPlatforms) = postSolution
		{B348D2AA-FADA-4F90-9C06-801AE179D866}.Debug|Any CPU.ActiveCfg = Debug|Any CPU
		{B348D2AA-FADA-4F90-9C06-801AE179D866}.Debug|Any CPU.Build.0 = Debug|Any CPU
		{B348D2AA-FADA-4F90-9C06-801AE179D866}.Release|Any CPU.ActiveCfg = Release|Any CPU
		{B348D2AA-FADA-4F90-9C06-801AE179D866}.Release|Any CPU.Build.0 = Release|Any CPU
		{C73A0FC0-EE1F-4BC0-BA6F-9CAE545697F9}.Debug|Any CPU.ActiveCfg = Debug|Any CPU
		{C73A0FC0-EE1F-4BC0-BA6F-9CAE545697F9}.Debug|Any CPU.Build.0 = Debug|Any CPU
		{C73A0FC0-EE1F-4BC0-BA6F-9CAE545697F9}.Release|Any CPU.ActiveCfg = Release|Any CPU
		{C73A0FC0-EE1F-4BC0-BA6F-9CAE545697F9}.Release|Any CPU.Build.0 = Release|Any CPU
		{D5E835AB-9D61-4365-867E-D3354EA9629A}.Debug|Any CPU.ActiveCfg = Debug|Any CPU
		{D5E835AB-9D61-4365-867E-D3354EA9629A}.Debug|Any CPU.Build.0 = Debug|Any CPU
		{D5E835AB-9D61-4365-867E-D3354EA9629A}.Release|Any CPU.ActiveCfg = Release|Any CPU
		{D5E835AB-9D61-4365-867E-D3354EA9629A}.Release|Any CPU.Build.0 = Release|Any CPU
		{B23EDBA9-DE5F-4E23-944E-CB71444CB9A6}.Debug|Any CPU.ActiveCfg = Debug|Any CPU
		{B23EDBA9-DE5F-4E23-944E-CB71444CB9A6}.Debug|Any CPU.Build.0 = Debug|Any CPU
		{B23EDBA9-DE5F-4E23-944E-CB71444CB9A6}.Release|Any CPU.ActiveCfg = Release|Any CPU
		{B23EDBA9-DE5F-4E23-944E-CB71444CB9A6}.Release|Any CPU.Build.0 = Release|Any CPU
		{53D95003-C0D1-4FF2-A3B1-FC1D9C2716C4}.Debug|Any CPU.ActiveCfg = Debug|Any CPU
		{53D95003-C0D1-4FF2-A3B1-FC1D9C2716C4}.Debug|Any CPU.Build.0 = Debug|Any CPU
		{53D95003-C0D1-4FF2-A3B1-FC1D9C2716C4}.Release|Any CPU.ActiveCfg = Release|Any CPU
		{53D95003-C0D1-4FF2-A3B1-FC1D9C2716C4}.Release|Any CPU.Build.0 = Release|Any CPU
		{52DC4D60-E6C9-4A37-B3D4-0AFBA43A29DC}.Debug|Any CPU.ActiveCfg = Debug|Any CPU
		{52DC4D60-E6C9-4A37-B3D4-0AFBA43A29DC}.Debug|Any CPU.Build.0 = Debug|Any CPU
		{52DC4D60-E6C9-4A37-B3D4-0AFBA43A29DC}.Release|Any CPU.ActiveCfg = Release|Any CPU
		{52DC4D60-E6C9-4A37-B3D4-0AFBA43A29DC}.Release|Any CPU.Build.0 = Release|Any CPU
		{9CF55E7F-B5DE-46FE-8807-C7E0652D765D}.Debug|Any CPU.ActiveCfg = Debug|Any CPU
		{9CF55E7F-B5DE-46FE-8807-C7E0652D765D}.Debug|Any CPU.Build.0 = Debug|Any CPU
		{9CF55E7F-B5DE-46FE-8807-C7E0652D765D}.Release|Any CPU.ActiveCfg = Release|Any CPU
		{9CF55E7F-B5DE-46FE-8807-C7E0652D765D}.Release|Any CPU.Build.0 = Release|Any CPU
		{377BCDBE-6DEF-4B75-93D5-D336D112CD82}.Debug|Any CPU.ActiveCfg = Debug|Any CPU
		{377BCDBE-6DEF-4B75-93D5-D336D112CD82}.Debug|Any CPU.Build.0 = Debug|Any CPU
		{377BCDBE-6DEF-4B75-93D5-D336D112CD82}.Release|Any CPU.ActiveCfg = Release|Any CPU
		{377BCDBE-6DEF-4B75-93D5-D336D112CD82}.Release|Any CPU.Build.0 = Release|Any CPU
		{C1ADF7A1-6D03-4361-A6F2-B990ED323941}.Debug|Any CPU.ActiveCfg = Debug|Any CPU
		{C1ADF7A1-6D03-4361-A6F2-B990ED323941}.Debug|Any CPU.Build.0 = Debug|Any CPU
		{C1ADF7A1-6D03-4361-A6F2-B990ED323941}.Release|Any CPU.ActiveCfg = Release|Any CPU
		{C1ADF7A1-6D03-4361-A6F2-B990ED323941}.Release|Any CPU.Build.0 = Release|Any CPU
		{7BAF2FB7-42FE-614B-C31F-64A14F5E2BAB}.Debug|Any CPU.ActiveCfg = Debug|Any CPU
		{7BAF2FB7-42FE-614B-C31F-64A14F5E2BAB}.Debug|Any CPU.Build.0 = Debug|Any CPU
		{7BAF2FB7-42FE-614B-C31F-64A14F5E2BAB}.Release|Any CPU.ActiveCfg = Release|Any CPU
		{7BAF2FB7-42FE-614B-C31F-64A14F5E2BAB}.Release|Any CPU.Build.0 = Release|Any CPU
		{71835BA0-778F-D852-C177-F613DF709B88}.Debug|Any CPU.ActiveCfg = Debug|Any CPU
		{71835BA0-778F-D852-C177-F613DF709B88}.Debug|Any CPU.Build.0 = Debug|Any CPU
		{71835BA0-778F-D852-C177-F613DF709B88}.Release|Any CPU.ActiveCfg = Release|Any CPU
		{71835BA0-778F-D852-C177-F613DF709B88}.Release|Any CPU.Build.0 = Release|Any CPU
		{FE9AB3E9-FF54-7F5F-8349-43DA096E6FB6}.Debug|Any CPU.ActiveCfg = Debug|Any CPU
		{FE9AB3E9-FF54-7F5F-8349-43DA096E6FB6}.Debug|Any CPU.Build.0 = Debug|Any CPU
		{FE9AB3E9-FF54-7F5F-8349-43DA096E6FB6}.Release|Any CPU.ActiveCfg = Release|Any CPU
		{FE9AB3E9-FF54-7F5F-8349-43DA096E6FB6}.Release|Any CPU.Build.0 = Release|Any CPU
		{1CD2CB90-CF69-0C00-15BC-DBDE993FBDF8}.Debug|Any CPU.ActiveCfg = Debug|Any CPU
		{1CD2CB90-CF69-0C00-15BC-DBDE993FBDF8}.Debug|Any CPU.Build.0 = Debug|Any CPU
		{1CD2CB90-CF69-0C00-15BC-DBDE993FBDF8}.Release|Any CPU.ActiveCfg = Release|Any CPU
		{1CD2CB90-CF69-0C00-15BC-DBDE993FBDF8}.Release|Any CPU.Build.0 = Release|Any CPU
		{F1D1B764-EACE-848F-1832-7DDDDB497619}.Debug|Any CPU.ActiveCfg = Debug|Any CPU
		{F1D1B764-EACE-848F-1832-7DDDDB497619}.Debug|Any CPU.Build.0 = Debug|Any CPU
		{F1D1B764-EACE-848F-1832-7DDDDB497619}.Release|Any CPU.ActiveCfg = Release|Any CPU
		{F1D1B764-EACE-848F-1832-7DDDDB497619}.Release|Any CPU.Build.0 = Release|Any CPU
		{507F9265-A6F0-7A9E-24DA-DDE4E72C39C1}.Debug|Any CPU.ActiveCfg = Debug|Any CPU
		{507F9265-A6F0-7A9E-24DA-DDE4E72C39C1}.Debug|Any CPU.Build.0 = Debug|Any CPU
		{507F9265-A6F0-7A9E-24DA-DDE4E72C39C1}.Release|Any CPU.ActiveCfg = Release|Any CPU
		{507F9265-A6F0-7A9E-24DA-DDE4E72C39C1}.Release|Any CPU.Build.0 = Release|Any CPU
		{1E40A85E-EA75-5383-C684-4BD3ECFDBE7B}.Debug|Any CPU.ActiveCfg = Debug|Any CPU
		{1E40A85E-EA75-5383-C684-4BD3ECFDBE7B}.Debug|Any CPU.Build.0 = Debug|Any CPU
		{1E40A85E-EA75-5383-C684-4BD3ECFDBE7B}.Release|Any CPU.ActiveCfg = Release|Any CPU
		{1E40A85E-EA75-5383-C684-4BD3ECFDBE7B}.Release|Any CPU.Build.0 = Release|Any CPU
		{20F699CE-1014-4349-9378-ADDA9CAA8338}.Debug|Any CPU.ActiveCfg = Debug|Any CPU
		{20F699CE-1014-4349-9378-ADDA9CAA8338}.Debug|Any CPU.Build.0 = Debug|Any CPU
		{20F699CE-1014-4349-9378-ADDA9CAA8338}.Release|Any CPU.ActiveCfg = Release|Any CPU
		{20F699CE-1014-4349-9378-ADDA9CAA8338}.Release|Any CPU.Build.0 = Release|Any CPU
		{821313BC-4499-85FB-C7E5-DA54FEA0F976}.Debug|Any CPU.ActiveCfg = Debug|Any CPU
		{821313BC-4499-85FB-C7E5-DA54FEA0F976}.Debug|Any CPU.Build.0 = Debug|Any CPU
		{821313BC-4499-85FB-C7E5-DA54FEA0F976}.Release|Any CPU.ActiveCfg = Release|Any CPU
		{821313BC-4499-85FB-C7E5-DA54FEA0F976}.Release|Any CPU.Build.0 = Release|Any CPU
		{36C88F42-A3E4-C39D-C0D4-CD77B52E7984}.Debug|Any CPU.ActiveCfg = Debug|Any CPU
		{36C88F42-A3E4-C39D-C0D4-CD77B52E7984}.Debug|Any CPU.Build.0 = Debug|Any CPU
		{36C88F42-A3E4-C39D-C0D4-CD77B52E7984}.Release|Any CPU.ActiveCfg = Release|Any CPU
		{36C88F42-A3E4-C39D-C0D4-CD77B52E7984}.Release|Any CPU.Build.0 = Release|Any CPU
		{F07FF364-8A0E-F488-F7DC-5B2AC2B03E76}.Debug|Any CPU.ActiveCfg = Debug|Any CPU
		{F07FF364-8A0E-F488-F7DC-5B2AC2B03E76}.Debug|Any CPU.Build.0 = Debug|Any CPU
		{F07FF364-8A0E-F488-F7DC-5B2AC2B03E76}.Release|Any CPU.ActiveCfg = Release|Any CPU
		{F07FF364-8A0E-F488-F7DC-5B2AC2B03E76}.Release|Any CPU.Build.0 = Release|Any CPU
		{1AEC25C4-F114-F850-4AD4-E97E03551164}.Debug|Any CPU.ActiveCfg = Debug|Any CPU
		{1AEC25C4-F114-F850-4AD4-E97E03551164}.Debug|Any CPU.Build.0 = Debug|Any CPU
		{1AEC25C4-F114-F850-4AD4-E97E03551164}.Release|Any CPU.ActiveCfg = Release|Any CPU
		{1AEC25C4-F114-F850-4AD4-E97E03551164}.Release|Any CPU.Build.0 = Release|Any CPU
		{6C8BFC5C-5F02-62CB-6AC2-9EEA9BFC3068}.Debug|Any CPU.ActiveCfg = Debug|Any CPU
		{6C8BFC5C-5F02-62CB-6AC2-9EEA9BFC3068}.Debug|Any CPU.Build.0 = Debug|Any CPU
		{6C8BFC5C-5F02-62CB-6AC2-9EEA9BFC3068}.Release|Any CPU.ActiveCfg = Release|Any CPU
		{6C8BFC5C-5F02-62CB-6AC2-9EEA9BFC3068}.Release|Any CPU.Build.0 = Release|Any CPU
	EndGlobalSection
	GlobalSection(SolutionProperties) = preSolution
		HideSolutionNode = FALSE
	EndGlobalSection
	GlobalSection(NestedProjects) = preSolution
		{B348D2AA-FADA-4F90-9C06-801AE179D866} = {02EA681E-C7D8-13C7-8484-4AC65E1B71E8}
		{C73A0FC0-EE1F-4BC0-BA6F-9CAE545697F9} = {02EA681E-C7D8-13C7-8484-4AC65E1B71E8}
		{D5E835AB-9D61-4365-867E-D3354EA9629A} = {02EA681E-C7D8-13C7-8484-4AC65E1B71E8}
		{B23EDBA9-DE5F-4E23-944E-CB71444CB9A6} = {02EA681E-C7D8-13C7-8484-4AC65E1B71E8}
		{53D95003-C0D1-4FF2-A3B1-FC1D9C2716C4} = {02EA681E-C7D8-13C7-8484-4AC65E1B71E8}
		{52DC4D60-E6C9-4A37-B3D4-0AFBA43A29DC} = {FA817CA0-546F-435B-B1BD-273A348A6469}
		{9CF55E7F-B5DE-46FE-8807-C7E0652D765D} = {FA817CA0-546F-435B-B1BD-273A348A6469}
		{377BCDBE-6DEF-4B75-93D5-D336D112CD82} = {FA817CA0-546F-435B-B1BD-273A348A6469}
		{C1ADF7A1-6D03-4361-A6F2-B990ED323941} = {FA817CA0-546F-435B-B1BD-273A348A6469}
		{7BAF2FB7-42FE-614B-C31F-64A14F5E2BAB} = {AEBA94B2-6C54-44A3-BB2B-DC565C572641}
		{71835BA0-778F-D852-C177-F613DF709B88} = {AEBA94B2-6C54-44A3-BB2B-DC565C572641}
		{FE9AB3E9-FF54-7F5F-8349-43DA096E6FB6} = {AEBA94B2-6C54-44A3-BB2B-DC565C572641}
		{1CD2CB90-CF69-0C00-15BC-DBDE993FBDF8} = {AEBA94B2-6C54-44A3-BB2B-DC565C572641}
		{F1D1B764-EACE-848F-1832-7DDDDB497619} = {AEBA94B2-6C54-44A3-BB2B-DC565C572641}
		{507F9265-A6F0-7A9E-24DA-DDE4E72C39C1} = {AEBA94B2-6C54-44A3-BB2B-DC565C572641}
		{1E40A85E-EA75-5383-C684-4BD3ECFDBE7B} = {AEBA94B2-6C54-44A3-BB2B-DC565C572641}
		{20F699CE-1014-4349-9378-ADDA9CAA8338} = {FA817CA0-546F-435B-B1BD-273A348A6469}
		{821313BC-4499-85FB-C7E5-DA54FEA0F976} = {B3DB6C16-66B4-4F02-A367-F2D47D6FEBC2}
		{36C88F42-A3E4-C39D-C0D4-CD77B52E7984} = {B3DB6C16-66B4-4F02-A367-F2D47D6FEBC2}
		{F07FF364-8A0E-F488-F7DC-5B2AC2B03E76} = {B3DB6C16-66B4-4F02-A367-F2D47D6FEBC2}
		{1AEC25C4-F114-F850-4AD4-E97E03551164} = {B3DB6C16-66B4-4F02-A367-F2D47D6FEBC2}
		{6C8BFC5C-5F02-62CB-6AC2-9EEA9BFC3068} = {B3DB6C16-66B4-4F02-A367-F2D47D6FEBC2}
	EndGlobalSection
	GlobalSection(ExtensibilityGlobals) = postSolution
		SolutionGuid = {F6A285FF-C316-4890-8B35-65A55DFED84E}
	EndGlobalSection
EndGlobal
